
Microsoft Visual Studio Solution File, Format Version 12.00
# Visual Studio Version 16
VisualStudioVersion = 16.0.30804.86
MinimumVisualStudioVersion = 10.0.40219.1
Project("{FAE04EC0-301F-11D3-BF4B-00C04F79EFBC}") = "DDDInPractice.Logic", "DDDInPractice.Logic\DDDInPractice.Logic.csproj", "{55757E6A-7005-44EF-A3E0-05B0E6750190}"
EndProject
Global
	GlobalSection(SolutionConfigurationPlatforms) = preSolution
		Debug|Any CPU = Debug|Any CPU
		Release|Any CPU = Release|Any CPU
	EndGlobalSection
	GlobalSection(ProjectConfigurationPlatforms) = postSolution
		{55757E6A-7005-44EF-A3E0-05B0E6750190}.Debug|Any CPU.ActiveCfg = Debug|Any CPU
		{55757E6A-7005-44EF-A3E0-05B0E6750190}.Debug|Any CPU.Build.0 = Debug|Any CPU
		{55757E6A-7005-44EF-A3E0-05B0E6750190}.Release|Any CPU.ActiveCfg = Release|Any CPU
		{55757E6A-7005-44EF-A3E0-05B0E6750190}.Release|Any CPU.Build.0 = Release|Any CPU
	EndGlobalSection
	GlobalSection(SolutionProperties) = preSolution
		HideSolutionNode = FALSE
	EndGlobalSection
	GlobalSection(ExtensibilityGlobals) = postSolution
		SolutionGuid = {FE538E52-3267-4ACC-930E-818B98C4D27F}
	EndGlobalSection
EndGlobal
